
Microsoft Visual Studio Solution File, Format Version 12.00
Project("{FAE04EC0-301F-11D3-BF4B-00C04F79EFBC}") = "PowerUp", "PowerUp\PowerUp.csproj", "{EBC7C2D1-E563-43DC-83C6-626C0CB503DF}"
EndProject
Global
	GlobalSection(SolutionConfigurationPlatforms) = preSolution
		Debug|Any CPU = Debug|Any CPU
		Release|Any CPU = Release|Any CPU
	EndGlobalSection
	GlobalSection(ProjectConfigurationPlatforms) = postSolution
		{EBC7C2D1-E563-43DC-83C6-626C0CB503DF}.Debug|Any CPU.ActiveCfg = Debug|Any CPU
		{EBC7C2D1-E563-43DC-83C6-626C0CB503DF}.Debug|Any CPU.Build.0 = Debug|Any CPU
		{EBC7C2D1-E563-43DC-83C6-626C0CB503DF}.Release|Any CPU.ActiveCfg = Release|Any CPU
		{EBC7C2D1-E563-43DC-83C6-626C0CB503DF}.Release|Any CPU.Build.0 = Release|Any CPU
	EndGlobalSection
EndGlobal
